// !$*UTF8*$!
{
	archiveVersion = 1;
	classes = {
	};
	objectVersion = 55;
	objects = {

/* Begin PBXBuildFile section */
		1B87113827B801B300691431 /* Assets.xcassets in Resources */ = {isa = PBXBuildFile; fileRef = 1B87113727B801B300691431 /* Assets.xcassets */; };
		1B87113B27B801B300691431 /* LaunchScreen.storyboard in Resources */ = {isa = PBXBuildFile; fileRef = 1B87113927B801B300691431 /* LaunchScreen.storyboard */; };
		1B87114B27B80A5D00691431 /* ComposableArchitecture in Frameworks */ = {isa = PBXBuildFile; productRef = 1B87114A27B80A5D00691431 /* ComposableArchitecture */; };
		1B87114D27B80A7D00691431 /* AppState.swift in Sources */ = {isa = PBXBuildFile; fileRef = 1B87114C27B80A7D00691431 /* AppState.swift */; };
		1B87114F27B80A9800691431 /* AppAction.swift in Sources */ = {isa = PBXBuildFile; fileRef = 1B87114E27B80A9800691431 /* AppAction.swift */; };
		1B87115127B80AA500691431 /* AppEnvironment.swift in Sources */ = {isa = PBXBuildFile; fileRef = 1B87115027B80AA500691431 /* AppEnvironment.swift */; };
		1B87115327B80AB200691431 /* AppReducer.swift in Sources */ = {isa = PBXBuildFile; fileRef = 1B87115227B80AB200691431 /* AppReducer.swift */; };
		1B87115727B80B2500691431 /* FoodMapState.swift in Sources */ = {isa = PBXBuildFile; fileRef = 1B87115627B80B2500691431 /* FoodMapState.swift */; };
		1B87115927B80BCF00691431 /* FoodItem.swift in Sources */ = {isa = PBXBuildFile; fileRef = 1B87115827B80BCF00691431 /* FoodItem.swift */; };
		1B87115C27B80C6C00691431 /* FoodMapAction.swift in Sources */ = {isa = PBXBuildFile; fileRef = 1B87115B27B80C6C00691431 /* FoodMapAction.swift */; };
		1B87115E27B80CDA00691431 /* FoodMapReducer.swift in Sources */ = {isa = PBXBuildFile; fileRef = 1B87115D27B80CDA00691431 /* FoodMapReducer.swift */; };
		1B87116027B80CFD00691431 /* FoodMapEnvironment.swift in Sources */ = {isa = PBXBuildFile; fileRef = 1B87115F27B80CFD00691431 /* FoodMapEnvironment.swift */; };
		1B87116927B81C8E00691431 /* FoodMapView.swift in Sources */ = {isa = PBXBuildFile; fileRef = 1B87116827B81C8E00691431 /* FoodMapView.swift */; };
		1B87116B27B81CC200691431 /* StreetFoodApp.swift in Sources */ = {isa = PBXBuildFile; fileRef = 1B87116A27B81CC200691431 /* StreetFoodApp.swift */; };
/* End PBXBuildFile section */

/* Begin PBXFileReference section */
		1B87112B27B801B100691431 /* streetfood-tracker.app */ = {isa = PBXFileReference; explicitFileType = wrapper.application; includeInIndex = 0; path = "streetfood-tracker.app"; sourceTree = BUILT_PRODUCTS_DIR; };
		1B87113727B801B300691431 /* Assets.xcassets */ = {isa = PBXFileReference; lastKnownFileType = folder.assetcatalog; path = Assets.xcassets; sourceTree = "<group>"; };
		1B87113A27B801B300691431 /* Base */ = {isa = PBXFileReference; lastKnownFileType = file.storyboard; name = Base; path = Base.lproj/LaunchScreen.storyboard; sourceTree = "<group>"; };
		1B87113C27B801B300691431 /* Info.plist */ = {isa = PBXFileReference; lastKnownFileType = text.plist.xml; path = Info.plist; sourceTree = "<group>"; };
		1B87114C27B80A7D00691431 /* AppState.swift */ = {isa = PBXFileReference; lastKnownFileType = sourcecode.swift; path = AppState.swift; sourceTree = "<group>"; };
		1B87114E27B80A9800691431 /* AppAction.swift */ = {isa = PBXFileReference; lastKnownFileType = sourcecode.swift; path = AppAction.swift; sourceTree = "<group>"; };
		1B87115027B80AA500691431 /* AppEnvironment.swift */ = {isa = PBXFileReference; lastKnownFileType = sourcecode.swift; path = AppEnvironment.swift; sourceTree = "<group>"; };
		1B87115227B80AB200691431 /* AppReducer.swift */ = {isa = PBXFileReference; lastKnownFileType = sourcecode.swift; path = AppReducer.swift; sourceTree = "<group>"; };
		1B87115627B80B2500691431 /* FoodMapState.swift */ = {isa = PBXFileReference; lastKnownFileType = sourcecode.swift; path = FoodMapState.swift; sourceTree = "<group>"; };
		1B87115827B80BCF00691431 /* FoodItem.swift */ = {isa = PBXFileReference; lastKnownFileType = sourcecode.swift; path = FoodItem.swift; sourceTree = "<group>"; };
		1B87115B27B80C6C00691431 /* FoodMapAction.swift */ = {isa = PBXFileReference; lastKnownFileType = sourcecode.swift; path = FoodMapAction.swift; sourceTree = "<group>"; };
		1B87115D27B80CDA00691431 /* FoodMapReducer.swift */ = {isa = PBXFileReference; lastKnownFileType = sourcecode.swift; path = FoodMapReducer.swift; sourceTree = "<group>"; };
		1B87115F27B80CFD00691431 /* FoodMapEnvironment.swift */ = {isa = PBXFileReference; lastKnownFileType = sourcecode.swift; path = FoodMapEnvironment.swift; sourceTree = "<group>"; };
		1B87116827B81C8E00691431 /* FoodMapView.swift */ = {isa = PBXFileReference; lastKnownFileType = sourcecode.swift; path = FoodMapView.swift; sourceTree = "<group>"; };
		1B87116A27B81CC200691431 /* StreetFoodApp.swift */ = {isa = PBXFileReference; lastKnownFileType = sourcecode.swift; path = StreetFoodApp.swift; sourceTree = "<group>"; };
		1B87116C27B8207A00691431 /* uk */ = {isa = PBXFileReference; lastKnownFileType = text.plist.strings; name = uk; path = uk.lproj/LaunchScreen.strings; sourceTree = "<group>"; };
		1B87116D27B8208300691431 /* ru */ = {isa = PBXFileReference; lastKnownFileType = text.plist.strings; name = ru; path = ru.lproj/LaunchScreen.strings; sourceTree = "<group>"; };
/* End PBXFileReference section */

/* Begin PBXFrameworksBuildPhase section */
		1B87112827B801B100691431 /* Frameworks */ = {
			isa = PBXFrameworksBuildPhase;
			buildActionMask = 2147483647;
			files = (
				1B87114B27B80A5D00691431 /* ComposableArchitecture in Frameworks */,
			);
			runOnlyForDeploymentPostprocessing = 0;
		};
/* End PBXFrameworksBuildPhase section */

/* Begin PBXGroup section */
		1B87112227B801B100691431 = {
			isa = PBXGroup;
			children = (
				1B87112D27B801B100691431 /* streetfood-tracker */,
				1B87112C27B801B100691431 /* Products */,
			);
			sourceTree = "<group>";
		};
		1B87112C27B801B100691431 /* Products */ = {
			isa = PBXGroup;
			children = (
				1B87112B27B801B100691431 /* streetfood-tracker.app */,
			);
			name = Products;
			sourceTree = "<group>";
		};
		1B87112D27B801B100691431 /* streetfood-tracker */ = {
			isa = PBXGroup;
			children = (
				1B87116A27B81CC200691431 /* StreetFoodApp.swift */,
				1B87114827B80A0400691431 /* Core */,
				1B87115A27B80BEA00691431 /* Models */,
				1B87114327B8052700691431 /* Resources */,
				1B87114427B8069300691431 /* UI */,
			);
			path = "streetfood-tracker";
			sourceTree = "<group>";
		};
		1B87114327B8052700691431 /* Resources */ = {
			isa = PBXGroup;
			children = (
				1B87113927B801B300691431 /* LaunchScreen.storyboard */,
				1B87113727B801B300691431 /* Assets.xcassets */,
				1B87113C27B801B300691431 /* Info.plist */,
			);
			path = Resources;
			sourceTree = "<group>";
		};
		1B87114427B8069300691431 /* UI */ = {
			isa = PBXGroup;
			children = (
				1B87114527B8069E00691431 /* FoodMap */,
			);
			path = UI;
			sourceTree = "<group>";
		};
		1B87114527B8069E00691431 /* FoodMap */ = {
			isa = PBXGroup;
			children = (
				1B87116827B81C8E00691431 /* FoodMapView.swift */,
			);
			path = FoodMap;
			sourceTree = "<group>";
		};
		1B87114827B80A0400691431 /* Core */ = {
			isa = PBXGroup;
			children = (
				1B87115427B80AE900691431 /* AppCore */,
				1B87115527B80AF300691431 /* FoodMapCore */,
			);
			path = Core;
			sourceTree = "<group>";
		};
		1B87115427B80AE900691431 /* AppCore */ = {
			isa = PBXGroup;
			children = (
				1B87114C27B80A7D00691431 /* AppState.swift */,
				1B87114E27B80A9800691431 /* AppAction.swift */,
				1B87115027B80AA500691431 /* AppEnvironment.swift */,
				1B87115227B80AB200691431 /* AppReducer.swift */,
			);
			path = AppCore;
			sourceTree = "<group>";
		};
		1B87115527B80AF300691431 /* FoodMapCore */ = {
			isa = PBXGroup;
			children = (
				1B87115627B80B2500691431 /* FoodMapState.swift */,
				1B87115B27B80C6C00691431 /* FoodMapAction.swift */,
				1B87115F27B80CFD00691431 /* FoodMapEnvironment.swift */,
				1B87115D27B80CDA00691431 /* FoodMapReducer.swift */,
			);
			path = FoodMapCore;
			sourceTree = "<group>";
		};
		1B87115A27B80BEA00691431 /* Models */ = {
			isa = PBXGroup;
			children = (
				1B87115827B80BCF00691431 /* FoodItem.swift */,
			);
			path = Models;
			sourceTree = "<group>";
		};
/* End PBXGroup section */

/* Begin PBXNativeTarget section */
		1B87112A27B801B100691431 /* streetfood-tracker */ = {
			isa = PBXNativeTarget;
			buildConfigurationList = 1B87113F27B801B300691431 /* Build configuration list for PBXNativeTarget "streetfood-tracker" */;
			buildPhases = (
				1B87114227B802E800691431 /* Swiftlint */,
				1B87112727B801B100691431 /* Sources */,
				1B87112827B801B100691431 /* Frameworks */,
				1B87112927B801B100691431 /* Resources */,
			);
			buildRules = (
			);
			dependencies = (
			);
			name = "streetfood-tracker";
			packageProductDependencies = (
				1B87114A27B80A5D00691431 /* ComposableArchitecture */,
			);
			productName = "streetfood-tracker";
			productReference = 1B87112B27B801B100691431 /* streetfood-tracker.app */;
			productType = "com.apple.product-type.application";
		};
/* End PBXNativeTarget section */

/* Begin PBXProject section */
		1B87112327B801B100691431 /* Project object */ = {
			isa = PBXProject;
			attributes = {
				BuildIndependentTargetsInParallel = 1;
				LastSwiftUpdateCheck = 1320;
				LastUpgradeCheck = 1320;
				TargetAttributes = {
					1B87112A27B801B100691431 = {
						CreatedOnToolsVersion = 13.2.1;
					};
				};
			};
			buildConfigurationList = 1B87112627B801B100691431 /* Build configuration list for PBXProject "streetfood-tracker" */;
			compatibilityVersion = "Xcode 13.0";
			developmentRegion = en;
			hasScannedForEncodings = 0;
			knownRegions = (
				en,
				Base,
				uk,
				ru,
			);
			mainGroup = 1B87112227B801B100691431;
			packageReferences = (
				1B87114927B80A5D00691431 /* XCRemoteSwiftPackageReference "swift-composable-architecture" */,
			);
			productRefGroup = 1B87112C27B801B100691431 /* Products */;
			projectDirPath = "";
			projectRoot = "";
			targets = (
				1B87112A27B801B100691431 /* streetfood-tracker */,
			);
		};
/* End PBXProject section */

/* Begin PBXResourcesBuildPhase section */
		1B87112927B801B100691431 /* Resources */ = {
			isa = PBXResourcesBuildPhase;
			buildActionMask = 2147483647;
			files = (
				1B87113B27B801B300691431 /* LaunchScreen.storyboard in Resources */,
				1B87113827B801B300691431 /* Assets.xcassets in Resources */,
			);
			runOnlyForDeploymentPostprocessing = 0;
		};
/* End PBXResourcesBuildPhase section */

/* Begin PBXShellScriptBuildPhase section */
		1B87114227B802E800691431 /* Swiftlint */ = {
			isa = PBXShellScriptBuildPhase;
			buildActionMask = 2147483647;
			files = (
			);
			inputFileListPaths = (
			);
			inputPaths = (
			);
			name = Swiftlint;
			outputFileListPaths = (
			);
			outputPaths = (
			);
			runOnlyForDeploymentPostprocessing = 0;
			shellPath = /bin/sh;
			shellScript = "export PATH=\"$PATH:/opt/homebrew/bin\"\n\nif which swiftlint >/dev/null; then\n  swiftlint\nelse\n  echo \"warning: SwiftLint not installed, download from https://github.com/realm/SwiftLint\"\nfi\n";
		};
/* End PBXShellScriptBuildPhase section */

/* Begin PBXSourcesBuildPhase section */
		1B87112727B801B100691431 /* Sources */ = {
			isa = PBXSourcesBuildPhase;
			buildActionMask = 2147483647;
			files = (
				1B87115927B80BCF00691431 /* FoodItem.swift in Sources */,
				1B87116927B81C8E00691431 /* FoodMapView.swift in Sources */,
				1B87116B27B81CC200691431 /* StreetFoodApp.swift in Sources */,
				1B87116027B80CFD00691431 /* FoodMapEnvironment.swift in Sources */,
				1B87115327B80AB200691431 /* AppReducer.swift in Sources */,
				1B87115127B80AA500691431 /* AppEnvironment.swift in Sources */,
				1B87114D27B80A7D00691431 /* AppState.swift in Sources */,
				1B87114F27B80A9800691431 /* AppAction.swift in Sources */,
				1B87115E27B80CDA00691431 /* FoodMapReducer.swift in Sources */,
				1B87115C27B80C6C00691431 /* FoodMapAction.swift in Sources */,
				1B87115727B80B2500691431 /* FoodMapState.swift in Sources */,
			);
			runOnlyForDeploymentPostprocessing = 0;
		};
/* End PBXSourcesBuildPhase section */

/* Begin PBXVariantGroup section */
		1B87113927B801B300691431 /* LaunchScreen.storyboard */ = {
			isa = PBXVariantGroup;
			children = (
				1B87113A27B801B300691431 /* Base */,
				1B87116C27B8207A00691431 /* uk */,
				1B87116D27B8208300691431 /* ru */,
			);
			name = LaunchScreen.storyboard;
			sourceTree = "<group>";
		};
/* End PBXVariantGroup section */

/* Begin XCBuildConfiguration section */
		1B87113D27B801B300691431 /* Debug */ = {
			isa = XCBuildConfiguration;
			buildSettings = {
				ALWAYS_SEARCH_USER_PATHS = NO;
				CLANG_ANALYZER_LOCALIZABILITY_NONLOCALIZED = YES;
				CLANG_ANALYZER_NONNULL = YES;
				CLANG_ANALYZER_NUMBER_OBJECT_CONVERSION = YES_AGGRESSIVE;
				CLANG_CXX_LANGUAGE_STANDARD = "gnu++17";
				CLANG_CXX_LIBRARY = "libc++";
				CLANG_ENABLE_MODULES = YES;
				CLANG_ENABLE_OBJC_ARC = YES;
				CLANG_ENABLE_OBJC_WEAK = YES;
				CLANG_WARN_BLOCK_CAPTURE_AUTORELEASING = YES;
				CLANG_WARN_BOOL_CONVERSION = YES;
				CLANG_WARN_COMMA = YES;
				CLANG_WARN_CONSTANT_CONVERSION = YES;
				CLANG_WARN_DEPRECATED_OBJC_IMPLEMENTATIONS = YES;
				CLANG_WARN_DIRECT_OBJC_ISA_USAGE = YES_ERROR;
				CLANG_WARN_DOCUMENTATION_COMMENTS = YES;
				CLANG_WARN_EMPTY_BODY = YES;
				CLANG_WARN_ENUM_CONVERSION = YES;
				CLANG_WARN_INFINITE_RECURSION = YES;
				CLANG_WARN_INT_CONVERSION = YES;
				CLANG_WARN_NON_LITERAL_NULL_CONVERSION = YES;
				CLANG_WARN_OBJC_IMPLICIT_RETAIN_SELF = YES;
				CLANG_WARN_OBJC_LITERAL_CONVERSION = YES;
				CLANG_WARN_OBJC_ROOT_CLASS = YES_ERROR;
				CLANG_WARN_QUOTED_INCLUDE_IN_FRAMEWORK_HEADER = YES;
				CLANG_WARN_RANGE_LOOP_ANALYSIS = YES;
				CLANG_WARN_STRICT_PROTOTYPES = YES;
				CLANG_WARN_SUSPICIOUS_MOVE = YES;
				CLANG_WARN_UNGUARDED_AVAILABILITY = YES_AGGRESSIVE;
				CLANG_WARN_UNREACHABLE_CODE = YES;
				CLANG_WARN__DUPLICATE_METHOD_MATCH = YES;
				COPY_PHASE_STRIP = NO;
				DEBUG_INFORMATION_FORMAT = dwarf;
				ENABLE_STRICT_OBJC_MSGSEND = YES;
				ENABLE_TESTABILITY = YES;
				GCC_C_LANGUAGE_STANDARD = gnu11;
				GCC_DYNAMIC_NO_PIC = NO;
				GCC_NO_COMMON_BLOCKS = YES;
				GCC_OPTIMIZATION_LEVEL = 0;
				GCC_PREPROCESSOR_DEFINITIONS = (
					"DEBUG=1",
					"$(inherited)",
				);
				GCC_WARN_64_TO_32_BIT_CONVERSION = YES;
				GCC_WARN_ABOUT_RETURN_TYPE = YES_ERROR;
				GCC_WARN_UNDECLARED_SELECTOR = YES;
				GCC_WARN_UNINITIALIZED_AUTOS = YES_AGGRESSIVE;
				GCC_WARN_UNUSED_FUNCTION = YES;
				GCC_WARN_UNUSED_VARIABLE = YES;
				IPHONEOS_DEPLOYMENT_TARGET = 15.2;
				MTL_ENABLE_DEBUG_INFO = INCLUDE_SOURCE;
				MTL_FAST_MATH = YES;
				ONLY_ACTIVE_ARCH = YES;
				SDKROOT = iphoneos;
				SWIFT_ACTIVE_COMPILATION_CONDITIONS = DEBUG;
				SWIFT_OPTIMIZATION_LEVEL = "-Onone";
			};
			name = Debug;
		};
		1B87113E27B801B300691431 /* Release */ = {
			isa = XCBuildConfiguration;
			buildSettings = {
				ALWAYS_SEARCH_USER_PATHS = NO;
				CLANG_ANALYZER_LOCALIZABILITY_NONLOCALIZED = YES;
				CLANG_ANALYZER_NONNULL = YES;
				CLANG_ANALYZER_NUMBER_OBJECT_CONVERSION = YES_AGGRESSIVE;
				CLANG_CXX_LANGUAGE_STANDARD = "gnu++17";
				CLANG_CXX_LIBRARY = "libc++";
				CLANG_ENABLE_MODULES = YES;
				CLANG_ENABLE_OBJC_ARC = YES;
				CLANG_ENABLE_OBJC_WEAK = YES;
				CLANG_WARN_BLOCK_CAPTURE_AUTORELEASING = YES;
				CLANG_WARN_BOOL_CONVERSION = YES;
				CLANG_WARN_COMMA = YES;
				CLANG_WARN_CONSTANT_CONVERSION = YES;
				CLANG_WARN_DEPRECATED_OBJC_IMPLEMENTATIONS = YES;
				CLANG_WARN_DIRECT_OBJC_ISA_USAGE = YES_ERROR;
				CLANG_WARN_DOCUMENTATION_COMMENTS = YES;
				CLANG_WARN_EMPTY_BODY = YES;
				CLANG_WARN_ENUM_CONVERSION = YES;
				CLANG_WARN_INFINITE_RECURSION = YES;
				CLANG_WARN_INT_CONVERSION = YES;
				CLANG_WARN_NON_LITERAL_NULL_CONVERSION = YES;
				CLANG_WARN_OBJC_IMPLICIT_RETAIN_SELF = YES;
				CLANG_WARN_OBJC_LITERAL_CONVERSION = YES;
				CLANG_WARN_OBJC_ROOT_CLASS = YES_ERROR;
				CLANG_WARN_QUOTED_INCLUDE_IN_FRAMEWORK_HEADER = YES;
				CLANG_WARN_RANGE_LOOP_ANALYSIS = YES;
				CLANG_WARN_STRICT_PROTOTYPES = YES;
				CLANG_WARN_SUSPICIOUS_MOVE = YES;
				CLANG_WARN_UNGUARDED_AVAILABILITY = YES_AGGRESSIVE;
				CLANG_WARN_UNREACHABLE_CODE = YES;
				CLANG_WARN__DUPLICATE_METHOD_MATCH = YES;
				COPY_PHASE_STRIP = NO;
				DEBUG_INFORMATION_FORMAT = "dwarf-with-dsym";
				ENABLE_NS_ASSERTIONS = NO;
				ENABLE_STRICT_OBJC_MSGSEND = YES;
				GCC_C_LANGUAGE_STANDARD = gnu11;
				GCC_NO_COMMON_BLOCKS = YES;
				GCC_WARN_64_TO_32_BIT_CONVERSION = YES;
				GCC_WARN_ABOUT_RETURN_TYPE = YES_ERROR;
				GCC_WARN_UNDECLARED_SELECTOR = YES;
				GCC_WARN_UNINITIALIZED_AUTOS = YES_AGGRESSIVE;
				GCC_WARN_UNUSED_FUNCTION = YES;
				GCC_WARN_UNUSED_VARIABLE = YES;
				IPHONEOS_DEPLOYMENT_TARGET = 15.2;
				MTL_ENABLE_DEBUG_INFO = NO;
				MTL_FAST_MATH = YES;
				SDKROOT = iphoneos;
				SWIFT_COMPILATION_MODE = wholemodule;
				SWIFT_OPTIMIZATION_LEVEL = "-O";
				VALIDATE_PRODUCT = YES;
			};
			name = Release;
		};
		1B87114027B801B300691431 /* Debug */ = {
			isa = XCBuildConfiguration;
			buildSettings = {
				ASSETCATALOG_COMPILER_APPICON_NAME = AppIcon;
				ASSETCATALOG_COMPILER_GLOBAL_ACCENT_COLOR_NAME = AccentColor;
				CODE_SIGN_STYLE = Automatic;
				CURRENT_PROJECT_VERSION = 1;
				DEVELOPMENT_TEAM = 95RD7T8BV7;
				GENERATE_INFOPLIST_FILE = YES;
				INFOPLIST_FILE = "streetfood-tracker/Resources/Info.plist";
				INFOPLIST_KEY_UIApplicationSupportsIndirectInputEvents = YES;
				INFOPLIST_KEY_UILaunchStoryboardName = LaunchScreen;
				INFOPLIST_KEY_UISupportedInterfaceOrientations_iPad = "UIInterfaceOrientationPortrait UIInterfaceOrientationPortraitUpsideDown UIInterfaceOrientationLandscapeLeft UIInterfaceOrientationLandscapeRight";
				INFOPLIST_KEY_UISupportedInterfaceOrientations_iPhone = "UIInterfaceOrientationPortrait UIInterfaceOrientationLandscapeLeft UIInterfaceOrientationLandscapeRight";
				LD_RUNPATH_SEARCH_PATHS = (
					"$(inherited)",
					"@executable_path/Frameworks",
				);
				MARKETING_VERSION = 1.0;
				PRODUCT_BUNDLE_IDENTIFIER = "com.balabanov.streetfood-tracker";
				PRODUCT_NAME = "$(TARGET_NAME)";
				SWIFT_EMIT_LOC_STRINGS = YES;
				SWIFT_VERSION = 5.0;
				TARGETED_DEVICE_FAMILY = 1;
			};
			name = Debug;
		};
		1B87114127B801B300691431 /* Release */ = {
			isa = XCBuildConfiguration;
			buildSettings = {
				ASSETCATALOG_COMPILER_APPICON_NAME = AppIcon;
				ASSETCATALOG_COMPILER_GLOBAL_ACCENT_COLOR_NAME = AccentColor;
				CODE_SIGN_STYLE = Automatic;
				CURRENT_PROJECT_VERSION = 1;
				DEVELOPMENT_TEAM = 95RD7T8BV7;
				GENERATE_INFOPLIST_FILE = YES;
				INFOPLIST_FILE = "streetfood-tracker/Resources/Info.plist";
				INFOPLIST_KEY_UIApplicationSupportsIndirectInputEvents = YES;
				INFOPLIST_KEY_UILaunchStoryboardName = LaunchScreen;
				INFOPLIST_KEY_UISupportedInterfaceOrientations_iPad = "UIInterfaceOrientationPortrait UIInterfaceOrientationPortraitUpsideDown UIInterfaceOrientationLandscapeLeft UIInterfaceOrientationLandscapeRight";
				INFOPLIST_KEY_UISupportedInterfaceOrientations_iPhone = "UIInterfaceOrientationPortrait UIInterfaceOrientationLandscapeLeft UIInterfaceOrientationLandscapeRight";
				LD_RUNPATH_SEARCH_PATHS = (
					"$(inherited)",
					"@executable_path/Frameworks",
				);
				MARKETING_VERSION = 1.0;
				PRODUCT_BUNDLE_IDENTIFIER = "com.balabanov.streetfood-tracker";
				PRODUCT_NAME = "$(TARGET_NAME)";
				SWIFT_EMIT_LOC_STRINGS = YES;
				SWIFT_VERSION = 5.0;
				TARGETED_DEVICE_FAMILY = 1;
			};
			name = Release;
		};
/* End XCBuildConfiguration section */

/* Begin XCConfigurationList section */
		1B87112627B801B100691431 /* Build configuration list for PBXProject "streetfood-tracker" */ = {
			isa = XCConfigurationList;
			buildConfigurations = (
				1B87113D27B801B300691431 /* Debug */,
				1B87113E27B801B300691431 /* Release */,
			);
			defaultConfigurationIsVisible = 0;
			defaultConfigurationName = Release;
		};
		1B87113F27B801B300691431 /* Build configuration list for PBXNativeTarget "streetfood-tracker" */ = {
			isa = XCConfigurationList;
			buildConfigurations = (
				1B87114027B801B300691431 /* Debug */,
				1B87114127B801B300691431 /* Release */,
			);
			defaultConfigurationIsVisible = 0;
			defaultConfigurationName = Release;
		};
/* End XCConfigurationList section */

/* Begin XCRemoteSwiftPackageReference section */
		1B87114927B80A5D00691431 /* XCRemoteSwiftPackageReference "swift-composable-architecture" */ = {
			isa = XCRemoteSwiftPackageReference;
			repositoryURL = "https://github.com/pointfreeco/swift-composable-architecture";
			requirement = {
				branch = main;
				kind = branch;
			};
		};
/* End XCRemoteSwiftPackageReference section */

/* Begin XCSwiftPackageProductDependency section */
		1B87114A27B80A5D00691431 /* ComposableArchitecture */ = {
			isa = XCSwiftPackageProductDependency;
			package = 1B87114927B80A5D00691431 /* XCRemoteSwiftPackageReference "swift-composable-architecture" */;
			productName = ComposableArchitecture;
		};
/* End XCSwiftPackageProductDependency section */
	};
	rootObject = 1B87112327B801B100691431 /* Project object */;
}
